
Microsoft Visual Studio Solution File, Format Version 12.00
# Visual Studio Version 17
VisualStudioVersion = 17.9.34723.18
MinimumVisualStudioVersion = 10.0.40219.1
Project("{FAE04EC0-301F-11D3-BF4B-00C04F79EFBC}") = "SkiStore.API", "SkiStore.API\SkiStore.API.csproj", "{36FBEE05-F56B-4DAB-8B59-540AB1A18EB6}"
EndProject
Project("{FAE04EC0-301F-11D3-BF4B-00C04F79EFBC}") = "SkiStore.Domain", "SkiStore.Domain\SkiStore.Domain.csproj", "{B455D57C-5724-4E25-9B1E-D6884DA6E828}"
EndProject
Project("{FAE04EC0-301F-11D3-BF4B-00C04F79EFBC}") = "SkiStore.Data", "SkiStore.Data\SkiStore.Data.csproj", "{4A5F2074-CBFB-4097-BA1F-3401DAA5C212}"
EndProject
Global
	GlobalSection(SolutionConfigurationPlatforms) = preSolution
		Debug|Any CPU = Debug|Any CPU
		Release|Any CPU = Release|Any CPU
	EndGlobalSection
	GlobalSection(ProjectConfigurationPlatforms) = postSolution
		{36FBEE05-F56B-4DAB-8B59-540AB1A18EB6}.Debug|Any CPU.ActiveCfg = Debug|Any CPU
		{36FBEE05-F56B-4DAB-8B59-540AB1A18EB6}.Debug|Any CPU.Build.0 = Debug|Any CPU
		{36FBEE05-F56B-4DAB-8B59-540AB1A18EB6}.Release|Any CPU.ActiveCfg = Release|Any CPU
		{36FBEE05-F56B-4DAB-8B59-540AB1A18EB6}.Release|Any CPU.Build.0 = Release|Any CPU
		{B455D57C-5724-4E25-9B1E-D6884DA6E828}.Debug|Any CPU.ActiveCfg = Debug|Any CPU
		{B455D57C-5724-4E25-9B1E-D6884DA6E828}.Debug|Any CPU.Build.0 = Debug|Any CPU
		{B455D57C-5724-4E25-9B1E-D6884DA6E828}.Release|Any CPU.ActiveCfg = Release|Any CPU
		{B455D57C-5724-4E25-9B1E-D6884DA6E828}.Release|Any CPU.Build.0 = Release|Any CPU
		{4A5F2074-CBFB-4097-BA1F-3401DAA5C212}.Debug|Any CPU.ActiveCfg = Debug|Any CPU
		{4A5F2074-CBFB-4097-BA1F-3401DAA5C212}.Debug|Any CPU.Build.0 = Debug|Any CPU
		{4A5F2074-CBFB-4097-BA1F-3401DAA5C212}.Release|Any CPU.ActiveCfg = Release|Any CPU
		{4A5F2074-CBFB-4097-BA1F-3401DAA5C212}.Release|Any CPU.Build.0 = Release|Any CPU
	EndGlobalSection
	GlobalSection(SolutionProperties) = preSolution
		HideSolutionNode = FALSE
	EndGlobalSection
	GlobalSection(ExtensibilityGlobals) = postSolution
		SolutionGuid = {6762CD22-D9BE-421C-B577-2D671B06BBEE}
	EndGlobalSection
EndGlobal
